// !$*UTF8*$!
{
	archiveVersion = 1;
	classes = {
	};
	objectVersion = 46;
	objects = {

/* Begin PBXBuildFile section */
		7F7B56251BAE3B4B00B70BEB /* wine.png in Resources */ = {isa = PBXBuildFile; fileRef = 7F7B56241BAE3B4B00B70BEB /* wine.png */; settings = {ASSET_TAGS = (); }; };
		7F7B56271BAE3D1B00B70BEB /* IMG_0240.mp4 in Resources */ = {isa = PBXBuildFile; fileRef = 7F7B56261BAE3D1B00B70BEB /* IMG_0240.mp4 */; settings = {ASSET_TAGS = (); }; };
		7F7B56291BAE3DF200B70BEB /* video.m4v in Resources */ = {isa = PBXBuildFile; fileRef = 7F7B56281BAE3DF200B70BEB /* video.m4v */; settings = {ASSET_TAGS = (); }; };
		7F7B562B1BAE3F7B00B70BEB /* AVFoundation.framework in Frameworks */ = {isa = PBXBuildFile; fileRef = 7F7B562A1BAE3F7B00B70BEB /* AVFoundation.framework */; };
		7F7B562E1BAE450200B70BEB /* TwitterVideoUploadActivity.m in Sources */ = {isa = PBXBuildFile; fileRef = 7F7B562D1BAE450200B70BEB /* TwitterVideoUploadActivity.m */; settings = {ASSET_TAGS = (); }; };
		7F7B56301BAE47EB00B70BEB /* videoTwitterActivity.xcassets in Resources */ = {isa = PBXBuildFile; fileRef = 7F7B562F1BAE47EB00B70BEB /* videoTwitterActivity.xcassets */; settings = {ASSET_TAGS = (); }; };
		7F7B56321BAE734200B70BEB /* trim.mp4 in Resources */ = {isa = PBXBuildFile; fileRef = 7F7B56311BAE734200B70BEB /* trim.mp4 */; settings = {ASSET_TAGS = (); }; };
		7F900C071BAE04AF00A50D0D /* todo.txt in Resources */ = {isa = PBXBuildFile; fileRef = 7F900C061BAE04AF00A50D0D /* todo.txt */; settings = {ASSET_TAGS = (); }; };
		7FF927C01BAA202D0073885E /* main.m in Sources */ = {isa = PBXBuildFile; fileRef = 7FF927BF1BAA202D0073885E /* main.m */; };
		7FF927C31BAA202D0073885E /* AppDelegate.m in Sources */ = {isa = PBXBuildFile; fileRef = 7FF927C21BAA202D0073885E /* AppDelegate.m */; };
		7FF927C61BAA202D0073885E /* ViewController.m in Sources */ = {isa = PBXBuildFile; fileRef = 7FF927C51BAA202D0073885E /* ViewController.m */; };
		7FF927CB1BAA202D0073885E /* Images.xcassets in Resources */ = {isa = PBXBuildFile; fileRef = 7FF927CA1BAA202D0073885E /* Images.xcassets */; };
		7FF927F21BAA37B70073885E /* MediaAssetGridViewController.m in Sources */ = {isa = PBXBuildFile; fileRef = 7FF927ED1BAA37B70073885E /* MediaAssetGridViewController.m */; };
		7FF927F31BAA37B70073885E /* MediaAssetViewController.m in Sources */ = {isa = PBXBuildFile; fileRef = 7FF927EF1BAA37B70073885E /* MediaAssetViewController.m */; };
		7FF927F41BAA37B70073885E /* MediaGridViewCell.m in Sources */ = {isa = PBXBuildFile; fileRef = 7FF927F11BAA37B70073885E /* MediaGridViewCell.m */; };
		7FF927F71BAA39A40073885E /* MediaAlbumsListViewController.m in Sources */ = {isa = PBXBuildFile; fileRef = 7FF927F61BAA39A40073885E /* MediaAlbumsListViewController.m */; };
/* End PBXBuildFile section */

/* Begin PBXFileReference section */
		7F7B56241BAE3B4B00B70BEB /* wine.png */ = {isa = PBXFileReference; lastKnownFileType = image.png; path = wine.png; sourceTree = "<group>"; };
		7F7B56261BAE3D1B00B70BEB /* IMG_0240.mp4 */ = {isa = PBXFileReference; lastKnownFileType = file; path = IMG_0240.mp4; sourceTree = "<group>"; };
		7F7B56281BAE3DF200B70BEB /* video.m4v */ = {isa = PBXFileReference; lastKnownFileType = file; path = video.m4v; sourceTree = "<group>"; };
		7F7B562A1BAE3F7B00B70BEB /* AVFoundation.framework */ = {isa = PBXFileReference; lastKnownFileType = wrapper.framework; name = AVFoundation.framework; path = System/Library/Frameworks/AVFoundation.framework; sourceTree = SDKROOT; };
		7F7B562C1BAE450200B70BEB /* TwitterVideoUploadActivity.h */ = {isa = PBXFileReference; fileEncoding = 4; lastKnownFileType = sourcecode.c.h; path = TwitterVideoUploadActivity.h; sourceTree = "<group>"; };
		7F7B562D1BAE450200B70BEB /* TwitterVideoUploadActivity.m */ = {isa = PBXFileReference; fileEncoding = 4; lastKnownFileType = sourcecode.c.objc; path = TwitterVideoUploadActivity.m; sourceTree = "<group>"; };
		7F7B562F1BAE47EB00B70BEB /* videoTwitterActivity.xcassets */ = {isa = PBXFileReference; lastKnownFileType = folder.assetcatalog; path = videoTwitterActivity.xcassets; sourceTree = "<group>"; };
		7F7B56311BAE734200B70BEB /* trim.mp4 */ = {isa = PBXFileReference; lastKnownFileType = file; path = trim.mp4; sourceTree = "<group>"; };
		7F900C061BAE04AF00A50D0D /* todo.txt */ = {isa = PBXFileReference; fileEncoding = 4; lastKnownFileType = text; path = todo.txt; sourceTree = "<group>"; };
		7FF927BA1BAA202D0073885E /* photopickershare.app */ = {isa = PBXFileReference; explicitFileType = wrapper.application; includeInIndex = 0; path = photopickershare.app; sourceTree = BUILT_PRODUCTS_DIR; };
		7FF927BE1BAA202D0073885E /* Info.plist */ = {isa = PBXFileReference; lastKnownFileType = text.plist.xml; path = Info.plist; sourceTree = "<group>"; };
		7FF927BF1BAA202D0073885E /* main.m */ = {isa = PBXFileReference; lastKnownFileType = sourcecode.c.objc; path = main.m; sourceTree = "<group>"; };
		7FF927C11BAA202D0073885E /* AppDelegate.h */ = {isa = PBXFileReference; lastKnownFileType = sourcecode.c.h; path = AppDelegate.h; sourceTree = "<group>"; };
		7FF927C21BAA202D0073885E /* AppDelegate.m */ = {isa = PBXFileReference; lastKnownFileType = sourcecode.c.objc; path = AppDelegate.m; sourceTree = "<group>"; };
		7FF927C41BAA202D0073885E /* ViewController.h */ = {isa = PBXFileReference; lastKnownFileType = sourcecode.c.h; path = ViewController.h; sourceTree = "<group>"; };
		7FF927C51BAA202D0073885E /* ViewController.m */ = {isa = PBXFileReference; lastKnownFileType = sourcecode.c.objc; path = ViewController.m; sourceTree = "<group>"; };
		7FF927CA1BAA202D0073885E /* Images.xcassets */ = {isa = PBXFileReference; lastKnownFileType = folder.assetcatalog; path = Images.xcassets; sourceTree = "<group>"; };
		7FF927EC1BAA37B70073885E /* MediaAssetGridViewController.h */ = {isa = PBXFileReference; fileEncoding = 4; lastKnownFileType = sourcecode.c.h; path = MediaAssetGridViewController.h; sourceTree = "<group>"; };
		7FF927ED1BAA37B70073885E /* MediaAssetGridViewController.m */ = {isa = PBXFileReference; fileEncoding = 4; lastKnownFileType = sourcecode.c.objc; path = MediaAssetGridViewController.m; sourceTree = "<group>"; };
		7FF927EE1BAA37B70073885E /* MediaAssetViewController.h */ = {isa = PBXFileReference; fileEncoding = 4; lastKnownFileType = sourcecode.c.h; path = MediaAssetViewController.h; sourceTree = "<group>"; };
		7FF927EF1BAA37B70073885E /* MediaAssetViewController.m */ = {isa = PBXFileReference; fileEncoding = 4; lastKnownFileType = sourcecode.c.objc; path = MediaAssetViewController.m; sourceTree = "<group>"; };
		7FF927F01BAA37B70073885E /* MediaGridViewCell.h */ = {isa = PBXFileReference; fileEncoding = 4; lastKnownFileType = sourcecode.c.h; path = MediaGridViewCell.h; sourceTree = "<group>"; };
		7FF927F11BAA37B70073885E /* MediaGridViewCell.m */ = {isa = PBXFileReference; fileEncoding = 4; lastKnownFileType = sourcecode.c.objc; path = MediaGridViewCell.m; sourceTree = "<group>"; };
		7FF927F51BAA39A40073885E /* MediaAlbumsListViewController.h */ = {isa = PBXFileReference; fileEncoding = 4; lastKnownFileType = sourcecode.c.h; path = MediaAlbumsListViewController.h; sourceTree = "<group>"; };
		7FF927F61BAA39A40073885E /* MediaAlbumsListViewController.m */ = {isa = PBXFileReference; fileEncoding = 4; lastKnownFileType = sourcecode.c.objc; path = MediaAlbumsListViewController.m; sourceTree = "<group>"; };
/* End PBXFileReference section */

/* Begin PBXFrameworksBuildPhase section */
		7FF927B71BAA202D0073885E /* Frameworks */ = {
			isa = PBXFrameworksBuildPhase;
			buildActionMask = 2147483647;
			files = (
				7F7B562B1BAE3F7B00B70BEB /* AVFoundation.framework in Frameworks */,
			);
			runOnlyForDeploymentPostprocessing = 0;
		};
/* End PBXFrameworksBuildPhase section */

/* Begin PBXGroup section */
		7F900C051BAE044D00A50D0D /* media */ = {
			isa = PBXGroup;
			children = (
				7FF927F51BAA39A40073885E /* MediaAlbumsListViewController.h */,
				7FF927F61BAA39A40073885E /* MediaAlbumsListViewController.m */,
				7FF927EC1BAA37B70073885E /* MediaAssetGridViewController.h */,
				7FF927ED1BAA37B70073885E /* MediaAssetGridViewController.m */,
				7FF927EE1BAA37B70073885E /* MediaAssetViewController.h */,
				7FF927EF1BAA37B70073885E /* MediaAssetViewController.m */,
				7FF927F01BAA37B70073885E /* MediaGridViewCell.h */,
				7FF927F11BAA37B70073885E /* MediaGridViewCell.m */,
				7F900C061BAE04AF00A50D0D /* todo.txt */,
			);
			name = media;
			sourceTree = "<group>";
		};
		7FF927B11BAA202D0073885E = {
			isa = PBXGroup;
			children = (
				7F7B562A1BAE3F7B00B70BEB /* AVFoundation.framework */,
				7FF927BC1BAA202D0073885E /* photopickershare */,
				7FF927BB1BAA202D0073885E /* Products */,
			);
			sourceTree = "<group>";
		};
		7FF927BB1BAA202D0073885E /* Products */ = {
			isa = PBXGroup;
			children = (
				7FF927BA1BAA202D0073885E /* photopickershare.app */,
			);
			name = Products;
			sourceTree = "<group>";
		};
		7FF927BC1BAA202D0073885E /* photopickershare */ = {
			isa = PBXGroup;
			children = (
				7F7B56311BAE734200B70BEB /* trim.mp4 */,
				7F7B56261BAE3D1B00B70BEB /* IMG_0240.mp4 */,
				7F7B56281BAE3DF200B70BEB /* video.m4v */,
				7F7B56241BAE3B4B00B70BEB /* wine.png */,
				7F900C051BAE044D00A50D0D /* media */,
				7FF927C11BAA202D0073885E /* AppDelegate.h */,
				7FF927C21BAA202D0073885E /* AppDelegate.m */,
				7FF927C41BAA202D0073885E /* ViewController.h */,
				7FF927C51BAA202D0073885E /* ViewController.m */,
				7F7B562F1BAE47EB00B70BEB /* videoTwitterActivity.xcassets */,
				7FF927CA1BAA202D0073885E /* Images.xcassets */,
				7FF927BD1BAA202D0073885E /* Supporting Files */,
				7F7B562C1BAE450200B70BEB /* TwitterVideoUploadActivity.h */,
				7F7B562D1BAE450200B70BEB /* TwitterVideoUploadActivity.m */,
			);
			path = photopickershare;
			sourceTree = "<group>";
		};
		7FF927BD1BAA202D0073885E /* Supporting Files */ = {
			isa = PBXGroup;
			children = (
				7FF927BE1BAA202D0073885E /* Info.plist */,
				7FF927BF1BAA202D0073885E /* main.m */,
			);
			name = "Supporting Files";
			sourceTree = "<group>";
		};
/* End PBXGroup section */

/* Begin PBXNativeTarget section */
		7FF927B91BAA202D0073885E /* photopickershare */ = {
			isa = PBXNativeTarget;
			buildConfigurationList = 7FF927DD1BAA202D0073885E /* Build configuration list for PBXNativeTarget "photopickershare" */;
			buildPhases = (
				7FF927B61BAA202D0073885E /* Sources */,
				7FF927B71BAA202D0073885E /* Frameworks */,
				7FF927B81BAA202D0073885E /* Resources */,
			);
			buildRules = (
			);
			dependencies = (
			);
			name = photopickershare;
			productName = photopickershare;
			productReference = 7FF927BA1BAA202D0073885E /* photopickershare.app */;
			productType = "com.apple.product-type.application";
		};
/* End PBXNativeTarget section */

/* Begin PBXProject section */
		7FF927B21BAA202D0073885E /* Project object */ = {
			isa = PBXProject;
			attributes = {
				LastUpgradeCheck = 0700;
				ORGANIZATIONNAME = jclaan;
				TargetAttributes = {
					7FF927B91BAA202D0073885E = {
						CreatedOnToolsVersion = 6.4;
					};
				};
			};
			buildConfigurationList = 7FF927B51BAA202D0073885E /* Build configuration list for PBXProject "photopickershare" */;
			compatibilityVersion = "Xcode 3.2";
			developmentRegion = English;
			hasScannedForEncodings = 0;
			knownRegions = (
				en,
				Base,
			);
			mainGroup = 7FF927B11BAA202D0073885E;
			productRefGroup = 7FF927BB1BAA202D0073885E /* Products */;
			projectDirPath = "";
			projectRoot = "";
			targets = (
				7FF927B91BAA202D0073885E /* photopickershare */,
			);
		};
/* End PBXProject section */

/* Begin PBXResourcesBuildPhase section */
		7FF927B81BAA202D0073885E /* Resources */ = {
			isa = PBXResourcesBuildPhase;
			buildActionMask = 2147483647;
			files = (
				7F900C071BAE04AF00A50D0D /* todo.txt in Resources */,
				7F7B56291BAE3DF200B70BEB /* video.m4v in Resources */,
				7F7B56271BAE3D1B00B70BEB /* IMG_0240.mp4 in Resources */,
				7FF927CB1BAA202D0073885E /* Images.xcassets in Resources */,
				7F7B56321BAE734200B70BEB /* trim.mp4 in Resources */,
				7F7B56301BAE47EB00B70BEB /* videoTwitterActivity.xcassets in Resources */,
				7F7B56251BAE3B4B00B70BEB /* wine.png in Resources */,
			);
			runOnlyForDeploymentPostprocessing = 0;
		};
/* End PBXResourcesBuildPhase section */

/* Begin PBXSourcesBuildPhase section */
		7FF927B61BAA202D0073885E /* Sources */ = {
			isa = PBXSourcesBuildPhase;
			buildActionMask = 2147483647;
			files = (
				7FF927C61BAA202D0073885E /* ViewController.m in Sources */,
				7FF927F31BAA37B70073885E /* MediaAssetViewController.m in Sources */,
				7FF927F71BAA39A40073885E /* MediaAlbumsListViewController.m in Sources */,
				7F7B562E1BAE450200B70BEB /* TwitterVideoUploadActivity.m in Sources */,
				7FF927F41BAA37B70073885E /* MediaGridViewCell.m in Sources */,
				7FF927C31BAA202D0073885E /* AppDelegate.m in Sources */,
				7FF927C01BAA202D0073885E /* main.m in Sources */,
				7FF927F21BAA37B70073885E /* MediaAssetGridViewController.m in Sources */,
			);
			runOnlyForDeploymentPostprocessing = 0;
		};
/* End PBXSourcesBuildPhase section */

/* Begin XCBuildConfiguration section */
		7FF927DB1BAA202D0073885E /* Debug */ = {
			isa = XCBuildConfiguration;
			buildSettings = {
				ALWAYS_SEARCH_USER_PATHS = NO;
				CLANG_CXX_LANGUAGE_STANDARD = "gnu++0x";
				CLANG_CXX_LIBRARY = "libc++";
				CLANG_ENABLE_MODULES = YES;
				CLANG_ENABLE_OBJC_ARC = YES;
				CLANG_WARN_BOOL_CONVERSION = YES;
				CLANG_WARN_CONSTANT_CONVERSION = YES;
				CLANG_WARN_DIRECT_OBJC_ISA_USAGE = YES_ERROR;
				CLANG_WARN_EMPTY_BODY = YES;
				CLANG_WARN_ENUM_CONVERSION = YES;
				CLANG_WARN_INT_CONVERSION = YES;
				CLANG_WARN_OBJC_ROOT_CLASS = YES_ERROR;
				CLANG_WARN_UNREACHABLE_CODE = YES;
				CLANG_WARN__DUPLICATE_METHOD_MATCH = YES;
				"CODE_SIGN_IDENTITY[sdk=iphoneos*]" = "iPhone Developer";
				COPY_PHASE_STRIP = NO;
				DEBUG_INFORMATION_FORMAT = "dwarf-with-dsym";
				ENABLE_STRICT_OBJC_MSGSEND = YES;
				ENABLE_TESTABILITY = YES;
				GCC_C_LANGUAGE_STANDARD = gnu99;
				GCC_DYNAMIC_NO_PIC = NO;
				GCC_NO_COMMON_BLOCKS = YES;
				GCC_OPTIMIZATION_LEVEL = 0;
				GCC_PREPROCESSOR_DEFINITIONS = (
					"DEBUG=1",
					"$(inherited)",
				);
				GCC_SYMBOLS_PRIVATE_EXTERN = NO;
				GCC_WARN_64_TO_32_BIT_CONVERSION = YES;
				GCC_WARN_ABOUT_RETURN_TYPE = YES_ERROR;
				GCC_WARN_UNDECLARED_SELECTOR = YES;
				GCC_WARN_UNINITIALIZED_AUTOS = YES_AGGRESSIVE;
				GCC_WARN_UNUSED_FUNCTION = YES;
				GCC_WARN_UNUSED_VARIABLE = YES;
				IPHONEOS_DEPLOYMENT_TARGET = 8.0;
				MTL_ENABLE_DEBUG_INFO = YES;
				ONLY_ACTIVE_ARCH = YES;
				SDKROOT = iphoneos;
				TARGETED_DEVICE_FAMILY = "1,2";
			};
			name = Debug;
		};
		7FF927DC1BAA202D0073885E /* Release */ = {
			isa = XCBuildConfiguration;
			buildSettings = {
				ALWAYS_SEARCH_USER_PATHS = NO;
				CLANG_CXX_LANGUAGE_STANDARD = "gnu++0x";
				CLANG_CXX_LIBRARY = "libc++";
				CLANG_ENABLE_MODULES = YES;
				CLANG_ENABLE_OBJC_ARC = YES;
				CLANG_WARN_BOOL_CONVERSION = YES;
				CLANG_WARN_CONSTANT_CONVERSION = YES;
				CLANG_WARN_DIRECT_OBJC_ISA_USAGE = YES_ERROR;
				CLANG_WARN_EMPTY_BODY = YES;
				CLANG_WARN_ENUM_CONVERSION = YES;
				CLANG_WARN_INT_CONVERSION = YES;
				CLANG_WARN_OBJC_ROOT_CLASS = YES_ERROR;
				CLANG_WARN_UNREACHABLE_CODE = YES;
				CLANG_WARN__DUPLICATE_METHOD_MATCH = YES;
				"CODE_SIGN_IDENTITY[sdk=iphoneos*]" = "iPhone Developer";
				COPY_PHASE_STRIP = NO;
				DEBUG_INFORMATION_FORMAT = "dwarf-with-dsym";
				ENABLE_NS_ASSERTIONS = NO;
				ENABLE_STRICT_OBJC_MSGSEND = YES;
				GCC_C_LANGUAGE_STANDARD = gnu99;
				GCC_NO_COMMON_BLOCKS = YES;
				GCC_WARN_64_TO_32_BIT_CONVERSION = YES;
				GCC_WARN_ABOUT_RETURN_TYPE = YES_ERROR;
				GCC_WARN_UNDECLARED_SELECTOR = YES;
				GCC_WARN_UNINITIALIZED_AUTOS = YES_AGGRESSIVE;
				GCC_WARN_UNUSED_FUNCTION = YES;
				GCC_WARN_UNUSED_VARIABLE = YES;
				IPHONEOS_DEPLOYMENT_TARGET = 8.0;
				MTL_ENABLE_DEBUG_INFO = NO;
				SDKROOT = iphoneos;
				TARGETED_DEVICE_FAMILY = "1,2";
				VALIDATE_PRODUCT = YES;
			};
			name = Release;
		};
		7FF927DE1BAA202D0073885E /* Debug */ = {
			isa = XCBuildConfiguration;
			buildSettings = {
				ASSETCATALOG_COMPILER_APPICON_NAME = AppIcon;
				INFOPLIST_FILE = photopickershare/Info.plist;
				LD_RUNPATH_SEARCH_PATHS = "$(inherited) @executable_path/Frameworks";
				PRODUCT_BUNDLE_IDENTIFIER = com.laan.labs.photopickershare;
				PRODUCT_NAME = "$(TARGET_NAME)";
			};
			name = Debug;
		};
		7FF927DF1BAA202D0073885E /* Release */ = {
			isa = XCBuildConfiguration;
			buildSettings = {
				ASSETCATALOG_COMPILER_APPICON_NAME = AppIcon;
				INFOPLIST_FILE = photopickershare/Info.plist;
				LD_RUNPATH_SEARCH_PATHS = "$(inherited) @executable_path/Frameworks";
				PRODUCT_BUNDLE_IDENTIFIER = com.laan.labs.photopickershare;
				PRODUCT_NAME = "$(TARGET_NAME)";
			};
			name = Release;
		};
/* End XCBuildConfiguration section */

/* Begin XCConfigurationList section */
		7FF927B51BAA202D0073885E /* Build configuration list for PBXProject "photopickershare" */ = {
			isa = XCConfigurationList;
			buildConfigurations = (
				7FF927DB1BAA202D0073885E /* Debug */,
				7FF927DC1BAA202D0073885E /* Release */,
			);
			defaultConfigurationIsVisible = 0;
			defaultConfigurationName = Release;
		};
		7FF927DD1BAA202D0073885E /* Build configuration list for PBXNativeTarget "photopickershare" */ = {
			isa = XCConfigurationList;
			buildConfigurations = (
				7FF927DE1BAA202D0073885E /* Debug */,
				7FF927DF1BAA202D0073885E /* Release */,
			);
			defaultConfigurationIsVisible = 0;
			defaultConfigurationName = Release;
		};
/* End XCConfigurationList section */
	};
	rootObject = 7FF927B21BAA202D0073885E /* Project object */;
}
